
Microsoft Visual Studio Solution File, Format Version 12.00
# Visual Studio 15
Project("{FAE04EC0-301F-11D3-BF4B-00C04F79EFBC}") = "DeliveryApp.Android", "DeliveryApp.Android\DeliveryApp.Android.csproj", "{ABFCE3CC-76F3-44E7-ACB5-A6D90BF61CB6}"
EndProject
Project("{FAE04EC0-301F-11D3-BF4B-00C04F79EFBC}") = "DeliveryApp.iOS", "DeliveryApp.iOS\DeliveryApp.iOS.csproj", "{7CE49B17-C90D-4C2D-924B-DC39D8E60C78}"
EndProject
Project("{FAE04EC0-301F-11D3-BF4B-00C04F79EFBC}") = "DeliveryApp", "DeliveryApp\DeliveryApp.csproj", "{46C395AE-21A1-4CE4-B222-6A141C242776}"
EndProject
Global
	GlobalSection(SolutionConfigurationPlatforms) = preSolution
		Debug|Any CPU = Debug|Any CPU
		Release|Any CPU = Release|Any CPU
		Debug|iPhoneSimulator = Debug|iPhoneSimulator
		Release|iPhoneSimulator = Release|iPhoneSimulator
		Debug|iPhone = Debug|iPhone
		Release|iPhone = Release|iPhone
	EndGlobalSection
	GlobalSection(ProjectConfigurationPlatforms) = postSolution
		{ABFCE3CC-76F3-44E7-ACB5-A6D90BF61CB6}.Debug|Any CPU.ActiveCfg = Debug|Any CPU
		{ABFCE3CC-76F3-44E7-ACB5-A6D90BF61CB6}.Debug|Any CPU.Build.0 = Debug|Any CPU
		{ABFCE3CC-76F3-44E7-ACB5-A6D90BF61CB6}.Release|Any CPU.ActiveCfg = Release|Any CPU
		{ABFCE3CC-76F3-44E7-ACB5-A6D90BF61CB6}.Release|Any CPU.Build.0 = Release|Any CPU
		{ABFCE3CC-76F3-44E7-ACB5-A6D90BF61CB6}.Debug|iPhoneSimulator.ActiveCfg = Debug|Any CPU
		{ABFCE3CC-76F3-44E7-ACB5-A6D90BF61CB6}.Debug|iPhoneSimulator.Build.0 = Debug|Any CPU
		{ABFCE3CC-76F3-44E7-ACB5-A6D90BF61CB6}.Release|iPhoneSimulator.ActiveCfg = Release|Any CPU
		{ABFCE3CC-76F3-44E7-ACB5-A6D90BF61CB6}.Release|iPhoneSimulator.Build.0 = Release|Any CPU
		{ABFCE3CC-76F3-44E7-ACB5-A6D90BF61CB6}.Debug|iPhone.ActiveCfg = Debug|Any CPU
		{ABFCE3CC-76F3-44E7-ACB5-A6D90BF61CB6}.Debug|iPhone.Build.0 = Debug|Any CPU
		{ABFCE3CC-76F3-44E7-ACB5-A6D90BF61CB6}.Release|iPhone.ActiveCfg = Release|Any CPU
		{ABFCE3CC-76F3-44E7-ACB5-A6D90BF61CB6}.Release|iPhone.Build.0 = Release|Any CPU
		{7CE49B17-C90D-4C2D-924B-DC39D8E60C78}.Debug|Any CPU.ActiveCfg = Debug|iPhoneSimulator
		{7CE49B17-C90D-4C2D-924B-DC39D8E60C78}.Debug|Any CPU.Build.0 = Debug|iPhoneSimulator
		{7CE49B17-C90D-4C2D-924B-DC39D8E60C78}.Release|Any CPU.ActiveCfg = Release|iPhoneSimulator
		{7CE49B17-C90D-4C2D-924B-DC39D8E60C78}.Release|Any CPU.Build.0 = Release|iPhoneSimulator
		{7CE49B17-C90D-4C2D-924B-DC39D8E60C78}.Debug|iPhoneSimulator.ActiveCfg = Debug|iPhoneSimulator
		{7CE49B17-C90D-4C2D-924B-DC39D8E60C78}.Debug|iPhoneSimulator.Build.0 = Debug|iPhoneSimulator
		{7CE49B17-C90D-4C2D-924B-DC39D8E60C78}.Release|iPhoneSimulator.ActiveCfg = Release|iPhoneSimulator
		{7CE49B17-C90D-4C2D-924B-DC39D8E60C78}.Release|iPhoneSimulator.Build.0 = Release|iPhoneSimulator
		{7CE49B17-C90D-4C2D-924B-DC39D8E60C78}.Debug|iPhone.ActiveCfg = Debug|iPhone
		{7CE49B17-C90D-4C2D-924B-DC39D8E60C78}.Debug|iPhone.Build.0 = Debug|iPhone
		{7CE49B17-C90D-4C2D-924B-DC39D8E60C78}.Release|iPhone.ActiveCfg = Release|iPhone
		{7CE49B17-C90D-4C2D-924B-DC39D8E60C78}.Release|iPhone.Build.0 = Release|iPhone
		{46C395AE-21A1-4CE4-B222-6A141C242776}.Debug|Any CPU.ActiveCfg = Debug|Any CPU
		{46C395AE-21A1-4CE4-B222-6A141C242776}.Debug|Any CPU.Build.0 = Debug|Any CPU
		{46C395AE-21A1-4CE4-B222-6A141C242776}.Release|Any CPU.ActiveCfg = Release|Any CPU
		{46C395AE-21A1-4CE4-B222-6A141C242776}.Release|Any CPU.Build.0 = Release|Any CPU
		{46C395AE-21A1-4CE4-B222-6A141C242776}.Debug|iPhoneSimulator.ActiveCfg = Debug|Any CPU
		{46C395AE-21A1-4CE4-B222-6A141C242776}.Debug|iPhoneSimulator.Build.0 = Debug|Any CPU
		{46C395AE-21A1-4CE4-B222-6A141C242776}.Release|iPhoneSimulator.ActiveCfg = Release|Any CPU
		{46C395AE-21A1-4CE4-B222-6A141C242776}.Release|iPhoneSimulator.Build.0 = Release|Any CPU
		{46C395AE-21A1-4CE4-B222-6A141C242776}.Debug|iPhone.ActiveCfg = Debug|Any CPU
		{46C395AE-21A1-4CE4-B222-6A141C242776}.Debug|iPhone.Build.0 = Debug|Any CPU
		{46C395AE-21A1-4CE4-B222-6A141C242776}.Release|iPhone.ActiveCfg = Release|Any CPU
		{46C395AE-21A1-4CE4-B222-6A141C242776}.Release|iPhone.Build.0 = Release|Any CPU
	EndGlobalSection
EndGlobal
