
Microsoft Visual Studio Solution File, Format Version 12.00
# Visual Studio Version 16
VisualStudioVersion = 16.0.808.6
MinimumVisualStudioVersion = 10.0.40219.1
Project("{FAE04EC0-301F-11D3-BF4B-00C04F79EFBC}") = "JustDelivered.Android", "JustDelivered.Android\JustDelivered.Android.csproj", "{3DE06EBF-3358-4A62-9988-23666863B733}"
EndProject
Project("{FAE04EC0-301F-11D3-BF4B-00C04F79EFBC}") = "JustDelivered.iOS", "JustDelivered.iOS\JustDelivered.iOS.csproj", "{5FD69AAD-500F-45B4-9695-B19DCFFBB6B2}"
EndProject
Project("{FAE04EC0-301F-11D3-BF4B-00C04F79EFBC}") = "JustDelivered", "JustDelivered\JustDelivered.csproj", "{8FECE3EA-0B74-44FA-8F3E-D353A149B3BE}"
EndProject
Global
	GlobalSection(SolutionConfigurationPlatforms) = preSolution
		Debug|Any CPU = Debug|Any CPU
		Release|Any CPU = Release|Any CPU
		Debug|iPhoneSimulator = Debug|iPhoneSimulator
		Release|iPhoneSimulator = Release|iPhoneSimulator
		Debug|iPhone = Debug|iPhone
		Release|iPhone = Release|iPhone
	EndGlobalSection
	GlobalSection(ProjectConfigurationPlatforms) = postSolution
		{3DE06EBF-3358-4A62-9988-23666863B733}.Debug|Any CPU.ActiveCfg = Debug|Any CPU
		{3DE06EBF-3358-4A62-9988-23666863B733}.Debug|Any CPU.Build.0 = Debug|Any CPU
		{3DE06EBF-3358-4A62-9988-23666863B733}.Release|Any CPU.ActiveCfg = Release|Any CPU
		{3DE06EBF-3358-4A62-9988-23666863B733}.Release|Any CPU.Build.0 = Release|Any CPU
		{3DE06EBF-3358-4A62-9988-23666863B733}.Debug|iPhoneSimulator.ActiveCfg = Debug|Any CPU
		{3DE06EBF-3358-4A62-9988-23666863B733}.Debug|iPhoneSimulator.Build.0 = Debug|Any CPU
		{3DE06EBF-3358-4A62-9988-23666863B733}.Release|iPhoneSimulator.ActiveCfg = Release|Any CPU
		{3DE06EBF-3358-4A62-9988-23666863B733}.Release|iPhoneSimulator.Build.0 = Release|Any CPU
		{3DE06EBF-3358-4A62-9988-23666863B733}.Debug|iPhone.ActiveCfg = Debug|Any CPU
		{3DE06EBF-3358-4A62-9988-23666863B733}.Debug|iPhone.Build.0 = Debug|Any CPU
		{3DE06EBF-3358-4A62-9988-23666863B733}.Release|iPhone.ActiveCfg = Release|Any CPU
		{3DE06EBF-3358-4A62-9988-23666863B733}.Release|iPhone.Build.0 = Release|Any CPU
		{5FD69AAD-500F-45B4-9695-B19DCFFBB6B2}.Debug|Any CPU.ActiveCfg = Debug|iPhoneSimulator
		{5FD69AAD-500F-45B4-9695-B19DCFFBB6B2}.Debug|Any CPU.Build.0 = Debug|iPhoneSimulator
		{5FD69AAD-500F-45B4-9695-B19DCFFBB6B2}.Release|Any CPU.ActiveCfg = Release|iPhoneSimulator
		{5FD69AAD-500F-45B4-9695-B19DCFFBB6B2}.Release|Any CPU.Build.0 = Release|iPhoneSimulator
		{5FD69AAD-500F-45B4-9695-B19DCFFBB6B2}.Debug|iPhoneSimulator.ActiveCfg = Debug|iPhoneSimulator
		{5FD69AAD-500F-45B4-9695-B19DCFFBB6B2}.Debug|iPhoneSimulator.Build.0 = Debug|iPhoneSimulator
		{5FD69AAD-500F-45B4-9695-B19DCFFBB6B2}.Release|iPhoneSimulator.ActiveCfg = Release|iPhoneSimulator
		{5FD69AAD-500F-45B4-9695-B19DCFFBB6B2}.Release|iPhoneSimulator.Build.0 = Release|iPhoneSimulator
		{5FD69AAD-500F-45B4-9695-B19DCFFBB6B2}.Debug|iPhone.ActiveCfg = Debug|iPhone
		{5FD69AAD-500F-45B4-9695-B19DCFFBB6B2}.Debug|iPhone.Build.0 = Debug|iPhone
		{5FD69AAD-500F-45B4-9695-B19DCFFBB6B2}.Release|iPhone.ActiveCfg = Release|iPhone
		{5FD69AAD-500F-45B4-9695-B19DCFFBB6B2}.Release|iPhone.Build.0 = Release|iPhone
		{8FECE3EA-0B74-44FA-8F3E-D353A149B3BE}.Debug|Any CPU.ActiveCfg = Debug|Any CPU
		{8FECE3EA-0B74-44FA-8F3E-D353A149B3BE}.Debug|Any CPU.Build.0 = Debug|Any CPU
		{8FECE3EA-0B74-44FA-8F3E-D353A149B3BE}.Release|Any CPU.ActiveCfg = Release|Any CPU
		{8FECE3EA-0B74-44FA-8F3E-D353A149B3BE}.Release|Any CPU.Build.0 = Release|Any CPU
		{8FECE3EA-0B74-44FA-8F3E-D353A149B3BE}.Debug|iPhoneSimulator.ActiveCfg = Debug|Any CPU
		{8FECE3EA-0B74-44FA-8F3E-D353A149B3BE}.Debug|iPhoneSimulator.Build.0 = Debug|Any CPU
		{8FECE3EA-0B74-44FA-8F3E-D353A149B3BE}.Release|iPhoneSimulator.ActiveCfg = Release|Any CPU
		{8FECE3EA-0B74-44FA-8F3E-D353A149B3BE}.Release|iPhoneSimulator.Build.0 = Release|Any CPU
		{8FECE3EA-0B74-44FA-8F3E-D353A149B3BE}.Debug|iPhone.ActiveCfg = Debug|Any CPU
		{8FECE3EA-0B74-44FA-8F3E-D353A149B3BE}.Debug|iPhone.Build.0 = Debug|Any CPU
		{8FECE3EA-0B74-44FA-8F3E-D353A149B3BE}.Release|iPhone.ActiveCfg = Release|Any CPU
		{8FECE3EA-0B74-44FA-8F3E-D353A149B3BE}.Release|iPhone.Build.0 = Release|Any CPU
	EndGlobalSection
	GlobalSection(SolutionProperties) = preSolution
		HideSolutionNode = FALSE
	EndGlobalSection
	GlobalSection(ExtensibilityGlobals) = postSolution
		SolutionGuid = {C8BCCE83-7E77-44F0-AC85-4EEE07E22650}
	EndGlobalSection
EndGlobal
