
Microsoft Visual Studio Solution File, Format Version 12.00
# Visual Studio 15
Project("{FAE04EC0-301F-11D3-BF4B-00C04F79EFBC}") = "DeliveryApp.iOS", "DeliveryApp.iOS.csproj", "{7CE49B17-C90D-4C2D-924B-DC39D8E60C78}"
EndProject
Global
	GlobalSection(SolutionConfigurationPlatforms) = preSolution
		Debug|iPhoneSimulator = Debug|iPhoneSimulator
		Release|iPhoneSimulator = Release|iPhoneSimulator
		Debug|iPhone = Debug|iPhone
		Release|iPhone = Release|iPhone
	EndGlobalSection
	GlobalSection(ProjectConfigurationPlatforms) = postSolution
		{7CE49B17-C90D-4C2D-924B-DC39D8E60C78}.Debug|iPhoneSimulator.ActiveCfg = Debug|iPhoneSimulator
		{7CE49B17-C90D-4C2D-924B-DC39D8E60C78}.Debug|iPhoneSimulator.Build.0 = Debug|iPhoneSimulator
		{7CE49B17-C90D-4C2D-924B-DC39D8E60C78}.Release|iPhoneSimulator.ActiveCfg = Release|iPhoneSimulator
		{7CE49B17-C90D-4C2D-924B-DC39D8E60C78}.Release|iPhoneSimulator.Build.0 = Release|iPhoneSimulator
		{7CE49B17-C90D-4C2D-924B-DC39D8E60C78}.Debug|iPhone.ActiveCfg = Debug|iPhone
		{7CE49B17-C90D-4C2D-924B-DC39D8E60C78}.Debug|iPhone.Build.0 = Debug|iPhone
		{7CE49B17-C90D-4C2D-924B-DC39D8E60C78}.Release|iPhone.ActiveCfg = Release|iPhone
		{7CE49B17-C90D-4C2D-924B-DC39D8E60C78}.Release|iPhone.Build.0 = Release|iPhone
	EndGlobalSection
EndGlobal
